
Microsoft Visual Studio Solution File, Format Version 12.00
# Visual Studio Version 17
VisualStudioVersion = 17.0.32112.339
MinimumVisualStudioVersion = 10.0.40219.1
Project("{FAE04EC0-301F-11D3-BF4B-00C04F79EFBC}") = "Lesson 6 Task", "Lesson 6 Task\Lesson 6 Task.csproj", "{D68CDC72-9AE9-4055-A227-F46507928A1E}"
EndProject
Global
	GlobalSection(SolutionConfigurationPlatforms) = preSolution
		Debug|Any CPU = Debug|Any CPU
		Release|Any CPU = Release|Any CPU
	EndGlobalSection
	GlobalSection(ProjectConfigurationPlatforms) = postSolution
		{D68CDC72-9AE9-4055-A227-F46507928A1E}.Debug|Any CPU.ActiveCfg = Debug|Any CPU
		{D68CDC72-9AE9-4055-A227-F46507928A1E}.Debug|Any CPU.Build.0 = Debug|Any CPU
		{D68CDC72-9AE9-4055-A227-F46507928A1E}.Release|Any CPU.ActiveCfg = Release|Any CPU
		{D68CDC72-9AE9-4055-A227-F46507928A1E}.Release|Any CPU.Build.0 = Release|Any CPU
	EndGlobalSection
	GlobalSection(SolutionProperties) = preSolution
		HideSolutionNode = FALSE
	EndGlobalSection
	GlobalSection(ExtensibilityGlobals) = postSolution
		SolutionGuid = {FCE330C2-F584-4943-B8B8-CFC82B7A7DE7}
	EndGlobalSection
EndGlobal
