
Microsoft Visual Studio Solution File, Format Version 11.00
# Visual Studio 2010
Project("{FAE04EC0-301F-11D3-BF4B-00C04F79EFBC}") = "Lesson 7 Original Code", "Lesson 7 dotPeek Code.csproj", "{277A0695-E039-4997-BBB1-75DCFD800598}"
EndProject
Global
	GlobalSection(SolutionConfigurationPlatforms) = preSolution
		Debug|Any CPU = Debug|Any CPU
		Release|Any CPU = Release|Any CPU
	EndGlobalSection
	GlobalSection(ProjectConfigurationPlatforms) = postSolution
		{277A0695-E039-4997-BBB1-75DCFD800598}.Debug|Any CPU.ActiveCfg = Debug|Any CPU
		{277A0695-E039-4997-BBB1-75DCFD800598}.Debug|Any CPU.Build.0 = Debug|Any CPU
		{277A0695-E039-4997-BBB1-75DCFD800598}.Release|Any CPU.ActiveCfg = Release|Any CPU
		{277A0695-E039-4997-BBB1-75DCFD800598}.Release|Any CPU.Build.0 = Release|Any CPU
	EndGlobalSection
	GlobalSection(SolutionProperties) = preSolution
		HideSolutionNode = FALSE
	EndGlobalSection
EndGlobal
